
Microsoft Visual Studio Solution File, Format Version 12.00
Project("{FAE04EC0-301F-11D3-BF4B-00C04F79EFBC}") = "Mastermind", "Mastermind\Mastermind.csproj", "{BA3C7482-E29F-496D-92DA-E0C57AF80632}"
EndProject
Project("{FAE04EC0-301F-11D3-BF4B-00C04F79EFBC}") = "MastermindTests", "MastermindTests\MastermindTests.csproj", "{F8410163-75C6-4896-A24D-2CFF18F0344A}"
EndProject
Global
	GlobalSection(SolutionConfigurationPlatforms) = preSolution
		Debug|Any CPU = Debug|Any CPU
		Release|Any CPU = Release|Any CPU
	EndGlobalSection
	GlobalSection(ProjectConfigurationPlatforms) = postSolution
		{BA3C7482-E29F-496D-92DA-E0C57AF80632}.Debug|Any CPU.ActiveCfg = Debug|Any CPU
		{BA3C7482-E29F-496D-92DA-E0C57AF80632}.Debug|Any CPU.Build.0 = Debug|Any CPU
		{BA3C7482-E29F-496D-92DA-E0C57AF80632}.Release|Any CPU.ActiveCfg = Release|Any CPU
		{BA3C7482-E29F-496D-92DA-E0C57AF80632}.Release|Any CPU.Build.0 = Release|Any CPU
		{F8410163-75C6-4896-A24D-2CFF18F0344A}.Debug|Any CPU.ActiveCfg = Debug|Any CPU
		{F8410163-75C6-4896-A24D-2CFF18F0344A}.Debug|Any CPU.Build.0 = Debug|Any CPU
		{F8410163-75C6-4896-A24D-2CFF18F0344A}.Release|Any CPU.ActiveCfg = Release|Any CPU
		{F8410163-75C6-4896-A24D-2CFF18F0344A}.Release|Any CPU.Build.0 = Release|Any CPU
	EndGlobalSection
EndGlobal
